
Microsoft Visual Studio Solution File, Format Version 12.00
Project("{FAE04EC0-301F-11D3-BF4B-00C04F79EFBC}") = "cosc_1436_lab_02_csharp", "cosc_1436_lab_02_csharp\cosc_1436_lab_02_csharp.csproj", "{385587DF-5254-40AF-B5E9-B069FEA89E9F}"
EndProject
Global
	GlobalSection(SolutionConfigurationPlatforms) = preSolution
		Debug|Any CPU = Debug|Any CPU
		Release|Any CPU = Release|Any CPU
	EndGlobalSection
	GlobalSection(ProjectConfigurationPlatforms) = postSolution
		{385587DF-5254-40AF-B5E9-B069FEA89E9F}.Debug|Any CPU.ActiveCfg = Debug|Any CPU
		{385587DF-5254-40AF-B5E9-B069FEA89E9F}.Debug|Any CPU.Build.0 = Debug|Any CPU
		{385587DF-5254-40AF-B5E9-B069FEA89E9F}.Release|Any CPU.ActiveCfg = Release|Any CPU
		{385587DF-5254-40AF-B5E9-B069FEA89E9F}.Release|Any CPU.Build.0 = Release|Any CPU
	EndGlobalSection
EndGlobal
